{
    "packages": [
        {
            "name": "vendor/package",
            "version": "2.7.4",
            "source": {
                "type": "git",
                "url": "https://github.com/vendor/package.git",
                "reference": "commit-hash"
            },
            "dist": {
                "type": "zip",
                "url": "https://example.com/vendor/package/2.7.4.zip",
                "reference": "zip-file-hash",
                "shasum": "package-sha1-hash"
            },
            "require": {
                "php": "^7.8.2.12"
            }
        }
      
    ],
    "packages-dev": [],
    "aliases": [],
    "minimum-stability": "stable",
    "stability-flags": {},
    "prefer-stable": true,
    "prefer-lowest": false,
    "platform": {
        "php": "^7.8.2.12"
    }
}
